
Microsoft Visual Studio Solution File, Format Version 12.00
# Visual Studio Version 16
VisualStudioVersion = 16.0.31313.79
MinimumVisualStudioVersion = 10.0.40219.1
Project("{8BC9CEB8-8B4A-11D0-8D11-00A0C91BC942}") = "QVVEngine", "QVVEngine.vcxproj", "{6DC79A0E-6D71-4AEB-B394-D419C4A13BAF}"
EndProject
Global
	GlobalSection(SolutionConfigurationPlatforms) = preSolution
		Debug|x64 = Debug|x64
		Debug|x86 = Debug|x86
		Release|x64 = Release|x64
		Release|x86 = Release|x86
	EndGlobalSection
	GlobalSection(ProjectConfigurationPlatforms) = postSolution
		{6DC79A0E-6D71-4AEB-B394-D419C4A13BAF}.Debug|x64.ActiveCfg = Debug|x64
		{6DC79A0E-6D71-4AEB-B394-D419C4A13BAF}.Debug|x64.Build.0 = Debug|x64
		{6DC79A0E-6D71-4AEB-B394-D419C4A13BAF}.Debug|x86.ActiveCfg = Debug|Win32
		{6DC79A0E-6D71-4AEB-B394-D419C4A13BAF}.Debug|x86.Build.0 = Debug|Win32
		{6DC79A0E-6D71-4AEB-B394-D419C4A13BAF}.Release|x64.ActiveCfg = Release|x64
		{6DC79A0E-6D71-4AEB-B394-D419C4A13BAF}.Release|x64.Build.0 = Release|x64
		{6DC79A0E-6D71-4AEB-B394-D419C4A13BAF}.Release|x86.ActiveCfg = Release|Win32
		{6DC79A0E-6D71-4AEB-B394-D419C4A13BAF}.Release|x86.Build.0 = Release|Win32
	EndGlobalSection
	GlobalSection(SolutionProperties) = preSolution
		HideSolutionNode = FALSE
	EndGlobalSection
	GlobalSection(ExtensibilityGlobals) = postSolution
		SolutionGuid = {74BE0B4A-3F1F-4E58-9A46-2473AE21FB45}
	EndGlobalSection
EndGlobal
